
Microsoft Visual Studio Solution File, Format Version 12.00
# Visual Studio 15
VisualStudioVersion = 15.0.28010.2026
MinimumVisualStudioVersion = 10.0.40219.1
Project("{888888A0-9F3D-457C-B088-3A5042F75D52}") = "StockCrawler", "StockCrawler\StockCrawler.pyproj", "{81ACBAE2-F643-432B-96F3-373AC0D5A7F7}"
EndProject
Global
	GlobalSection(SolutionConfigurationPlatforms) = preSolution
		Debug|Any CPU = Debug|Any CPU
		Release|Any CPU = Release|Any CPU
	EndGlobalSection
	GlobalSection(ProjectConfigurationPlatforms) = postSolution
		{81ACBAE2-F643-432B-96F3-373AC0D5A7F7}.Debug|Any CPU.ActiveCfg = Debug|Any CPU
		{81ACBAE2-F643-432B-96F3-373AC0D5A7F7}.Release|Any CPU.ActiveCfg = Release|Any CPU
	EndGlobalSection
	GlobalSection(SolutionProperties) = preSolution
		HideSolutionNode = FALSE
	EndGlobalSection
	GlobalSection(ExtensibilityGlobals) = postSolution
		SolutionGuid = {39F23D47-EEC9-40C3-80DB-CAE9D930C8E1}
	EndGlobalSection
EndGlobal
